
Microsoft Visual Studio Solution File, Format Version 12.00
# Visual Studio 15
Project("{FAE04EC0-301F-11D3-BF4B-00C04F79EFBC}") = "Assembly-CSharp", "Assembly-CSharp.csproj", "{414D40FA-8CD5-1259-2CF9-0D38ACFADCDB}"
EndProject
Project("{FAE04EC0-301F-11D3-BF4B-00C04F79EFBC}") = "CelestialData", "CelestialData.csproj", "{EB3A6F7E-2261-D88E-231D-FB45D02F4FFD}"
EndProject
Project("{FAE04EC0-301F-11D3-BF4B-00C04F79EFBC}") = "Assembly-CSharp-Editor", "Assembly-CSharp-Editor.csproj", "{876E53A4-3AFA-DC74-B80B-9ACFA5A386FE}"
EndProject
Project("{FAE04EC0-301F-11D3-BF4B-00C04F79EFBC}") = "Tests", "Tests.csproj", "{52C71B2D-CBE8-E642-C7A5-4D6B62173B8A}"
EndProject
Project("{FAE04EC0-301F-11D3-BF4B-00C04F79EFBC}") = "Assembly-CSharp.Player", "Assembly-CSharp.Player.csproj", "{37CDCF3F-0389-B63F-5625-A1C74B87B5B7}"
EndProject
Project("{FAE04EC0-301F-11D3-BF4B-00C04F79EFBC}") = "Unity.TextMeshPro.Player", "Unity.TextMeshPro.Player.csproj", "{F1CA471D-22AC-18A9-132D-9C670FF66678}"
EndProject
Project("{FAE04EC0-301F-11D3-BF4B-00C04F79EFBC}") = "Unity.Analytics.DataPrivacy.Player", "Unity.Analytics.DataPrivacy.Player.csproj", "{42411805-2A76-B786-50D5-240EEE2DE49C}"
EndProject
Project("{FAE04EC0-301F-11D3-BF4B-00C04F79EFBC}") = "Unity.XR.WindowsMR.Player", "Unity.XR.WindowsMR.Player.csproj", "{83F5DC8B-F4E3-DE24-5B63-E900B5A94812}"
EndProject
Project("{FAE04EC0-301F-11D3-BF4B-00C04F79EFBC}") = "CelestialData.Player", "CelestialData.Player.csproj", "{E7D4DA5A-9F44-0B24-98E6-29886B019883}"
EndProject
Global
	GlobalSection(SolutionConfigurationPlatforms) = preSolution
		Debug|Any CPU = Debug|Any CPU
		Release|Any CPU = Release|Any CPU
	EndGlobalSection
	GlobalSection(ProjectConfigurationPlatforms) = postSolution
		{414D40FA-8CD5-1259-2CF9-0D38ACFADCDB}.Debug|Any CPU.ActiveCfg = Debug|Any CPU
		{414D40FA-8CD5-1259-2CF9-0D38ACFADCDB}.Debug|Any CPU.Build.0 = Debug|Any CPU
		{414D40FA-8CD5-1259-2CF9-0D38ACFADCDB}.Release|Any CPU.ActiveCfg = Release|Any CPU
		{414D40FA-8CD5-1259-2CF9-0D38ACFADCDB}.Release|Any CPU.Build.0 = Release|Any CPU
		{EB3A6F7E-2261-D88E-231D-FB45D02F4FFD}.Debug|Any CPU.ActiveCfg = Debug|Any CPU
		{EB3A6F7E-2261-D88E-231D-FB45D02F4FFD}.Debug|Any CPU.Build.0 = Debug|Any CPU
		{EB3A6F7E-2261-D88E-231D-FB45D02F4FFD}.Release|Any CPU.ActiveCfg = Release|Any CPU
		{EB3A6F7E-2261-D88E-231D-FB45D02F4FFD}.Release|Any CPU.Build.0 = Release|Any CPU
		{876E53A4-3AFA-DC74-B80B-9ACFA5A386FE}.Debug|Any CPU.ActiveCfg = Debug|Any CPU
		{876E53A4-3AFA-DC74-B80B-9ACFA5A386FE}.Debug|Any CPU.Build.0 = Debug|Any CPU
		{876E53A4-3AFA-DC74-B80B-9ACFA5A386FE}.Release|Any CPU.ActiveCfg = Release|Any CPU
		{876E53A4-3AFA-DC74-B80B-9ACFA5A386FE}.Release|Any CPU.Build.0 = Release|Any CPU
		{52C71B2D-CBE8-E642-C7A5-4D6B62173B8A}.Debug|Any CPU.ActiveCfg = Debug|Any CPU
		{52C71B2D-CBE8-E642-C7A5-4D6B62173B8A}.Debug|Any CPU.Build.0 = Debug|Any CPU
		{52C71B2D-CBE8-E642-C7A5-4D6B62173B8A}.Release|Any CPU.ActiveCfg = Release|Any CPU
		{52C71B2D-CBE8-E642-C7A5-4D6B62173B8A}.Release|Any CPU.Build.0 = Release|Any CPU
		{37CDCF3F-0389-B63F-5625-A1C74B87B5B7}.Debug|Any CPU.ActiveCfg = Debug|Any CPU
		{37CDCF3F-0389-B63F-5625-A1C74B87B5B7}.Debug|Any CPU.Build.0 = Debug|Any CPU
		{37CDCF3F-0389-B63F-5625-A1C74B87B5B7}.Release|Any CPU.ActiveCfg = Release|Any CPU
		{37CDCF3F-0389-B63F-5625-A1C74B87B5B7}.Release|Any CPU.Build.0 = Release|Any CPU
		{F1CA471D-22AC-18A9-132D-9C670FF66678}.Debug|Any CPU.ActiveCfg = Debug|Any CPU
		{F1CA471D-22AC-18A9-132D-9C670FF66678}.Debug|Any CPU.Build.0 = Debug|Any CPU
		{F1CA471D-22AC-18A9-132D-9C670FF66678}.Release|Any CPU.ActiveCfg = Release|Any CPU
		{F1CA471D-22AC-18A9-132D-9C670FF66678}.Release|Any CPU.Build.0 = Release|Any CPU
		{42411805-2A76-B786-50D5-240EEE2DE49C}.Debug|Any CPU.ActiveCfg = Debug|Any CPU
		{42411805-2A76-B786-50D5-240EEE2DE49C}.Debug|Any CPU.Build.0 = Debug|Any CPU
		{42411805-2A76-B786-50D5-240EEE2DE49C}.Release|Any CPU.ActiveCfg = Release|Any CPU
		{42411805-2A76-B786-50D5-240EEE2DE49C}.Release|Any CPU.Build.0 = Release|Any CPU
		{83F5DC8B-F4E3-DE24-5B63-E900B5A94812}.Debug|Any CPU.ActiveCfg = Debug|Any CPU
		{83F5DC8B-F4E3-DE24-5B63-E900B5A94812}.Debug|Any CPU.Build.0 = Debug|Any CPU
		{83F5DC8B-F4E3-DE24-5B63-E900B5A94812}.Release|Any CPU.ActiveCfg = Release|Any CPU
		{83F5DC8B-F4E3-DE24-5B63-E900B5A94812}.Release|Any CPU.Build.0 = Release|Any CPU
		{E7D4DA5A-9F44-0B24-98E6-29886B019883}.Debug|Any CPU.ActiveCfg = Debug|Any CPU
		{E7D4DA5A-9F44-0B24-98E6-29886B019883}.Debug|Any CPU.Build.0 = Debug|Any CPU
		{E7D4DA5A-9F44-0B24-98E6-29886B019883}.Release|Any CPU.ActiveCfg = Release|Any CPU
		{E7D4DA5A-9F44-0B24-98E6-29886B019883}.Release|Any CPU.Build.0 = Release|Any CPU
	EndGlobalSection
	GlobalSection(SolutionProperties) = preSolution
		HideSolutionNode = FALSE
	EndGlobalSection
EndGlobal
